// !$*UTF8*$!
{
	archiveVersion = 1;
	classes = {
	};
	objectVersion = 46;
	objects = {

/* Begin PBXBuildFile section */
		C10A084219307BE000D37112 /* Foundation.framework in Frameworks */ = {isa = PBXBuildFile; fileRef = C10A084119307BE000D37112 /* Foundation.framework */; };
		C10A084419307BE000D37112 /* CoreGraphics.framework in Frameworks */ = {isa = PBXBuildFile; fileRef = C10A084319307BE000D37112 /* CoreGraphics.framework */; };
		C10A084619307BE000D37112 /* UIKit.framework in Frameworks */ = {isa = PBXBuildFile; fileRef = C10A084519307BE000D37112 /* UIKit.framework */; };
		C10A084C19307BE000D37112 /* InfoPlist.strings in Resources */ = {isa = PBXBuildFile; fileRef = C10A084A19307BE000D37112 /* InfoPlist.strings */; };
		C10A084E19307BE000D37112 /* main.m in Sources */ = {isa = PBXBuildFile; fileRef = C10A084D19307BE000D37112 /* main.m */; };
		C10A085219307BE000D37112 /* AppDelegate.m in Sources */ = {isa = PBXBuildFile; fileRef = C10A085119307BE000D37112 /* AppDelegate.m */; };
		C10A085519307BE000D37112 /* Main.storyboard in Resources */ = {isa = PBXBuildFile; fileRef = C10A085319307BE000D37112 /* Main.storyboard */; };
		C10A085819307BE000D37112 /* LKRootViewController.m in Sources */ = {isa = PBXBuildFile; fileRef = C10A085719307BE000D37112 /* LKRootViewController.m */; };
		C10A085A19307BE000D37112 /* Images.xcassets in Resources */ = {isa = PBXBuildFile; fileRef = C10A085919307BE000D37112 /* Images.xcassets */; };
		C10A086119307BE000D37112 /* XCTest.framework in Frameworks */ = {isa = PBXBuildFile; fileRef = C10A086019307BE000D37112 /* XCTest.framework */; };
		C10A086219307BE000D37112 /* Foundation.framework in Frameworks */ = {isa = PBXBuildFile; fileRef = C10A084119307BE000D37112 /* Foundation.framework */; };
		C10A086319307BE100D37112 /* UIKit.framework in Frameworks */ = {isa = PBXBuildFile; fileRef = C10A084519307BE000D37112 /* UIKit.framework */; };
		C10A086B19307BE100D37112 /* InfoPlist.strings in Resources */ = {isa = PBXBuildFile; fileRef = C10A086919307BE100D37112 /* InfoPlist.strings */; };
		C10A086D19307BE100D37112 /* LynkrTests.m in Sources */ = {isa = PBXBuildFile; fileRef = C10A086C19307BE100D37112 /* LynkrTests.m */; };
		C10A087719307D1B00D37112 /* Parse.framework in Frameworks */ = {isa = PBXBuildFile; fileRef = C10A087619307D1B00D37112 /* Parse.framework */; };
		C10A087919307D4B00D37112 /* AudioToolbox.framework in Frameworks */ = {isa = PBXBuildFile; fileRef = C10A087819307D4B00D37112 /* AudioToolbox.framework */; };
		C10A087B19307D5300D37112 /* CFNetwork.framework in Frameworks */ = {isa = PBXBuildFile; fileRef = C10A087A19307D5300D37112 /* CFNetwork.framework */; };
		C10A087D19307D6500D37112 /* CoreLocation.framework in Frameworks */ = {isa = PBXBuildFile; fileRef = C10A087C19307D6500D37112 /* CoreLocation.framework */; };
		C10A087F19307D6E00D37112 /* libz.dylib in Frameworks */ = {isa = PBXBuildFile; fileRef = C10A087E19307D6E00D37112 /* libz.dylib */; };
		C10A088119307D7500D37112 /* MobileCoreServices.framework in Frameworks */ = {isa = PBXBuildFile; fileRef = C10A088019307D7500D37112 /* MobileCoreServices.framework */; };
		C10A088319307D7E00D37112 /* QuartzCore.framework in Frameworks */ = {isa = PBXBuildFile; fileRef = C10A088219307D7E00D37112 /* QuartzCore.framework */; };
		C10A088519307D8500D37112 /* Security.framework in Frameworks */ = {isa = PBXBuildFile; fileRef = C10A088419307D8500D37112 /* Security.framework */; };
		C10A088719307D8A00D37112 /* StoreKit.framework in Frameworks */ = {isa = PBXBuildFile; fileRef = C10A088619307D8A00D37112 /* StoreKit.framework */; };
		C10A088919307D9100D37112 /* SystemConfiguration.framework in Frameworks */ = {isa = PBXBuildFile; fileRef = C10A088819307D9100D37112 /* SystemConfiguration.framework */; };
		C1844DB9193087CF00D88380 /* RECommonFunctions.m in Sources */ = {isa = PBXBuildFile; fileRef = C1844DB4193087CF00D88380 /* RECommonFunctions.m */; };
		C1844DBA193087CF00D88380 /* RESideMenu.m in Sources */ = {isa = PBXBuildFile; fileRef = C1844DB6193087CF00D88380 /* RESideMenu.m */; };
		C1844DBB193087CF00D88380 /* UIViewController+RESideMenu.m in Sources */ = {isa = PBXBuildFile; fileRef = C1844DB8193087CF00D88380 /* UIViewController+RESideMenu.m */; };
		C1844DBF19308C6D00D88380 /* LKLeftMenuViewController.m in Sources */ = {isa = PBXBuildFile; fileRef = C1844DBE19308C6D00D88380 /* LKLeftMenuViewController.m */; };
		C1844DC219308CA400D88380 /* LKRightMenuViewController.m in Sources */ = {isa = PBXBuildFile; fileRef = C1844DC119308CA400D88380 /* LKRightMenuViewController.m */; };
		C1844DC619308FEC00D88380 /* LKHomeViewController.m in Sources */ = {isa = PBXBuildFile; fileRef = C1844DC519308FEC00D88380 /* LKHomeViewController.m */; };
		C1844DC9193090C000D88380 /* LKProfileViewController.m in Sources */ = {isa = PBXBuildFile; fileRef = C1844DC8193090C000D88380 /* LKProfileViewController.m */; };
		C1844DCC193091F600D88380 /* LKMessageViewController.m in Sources */ = {isa = PBXBuildFile; fileRef = C1844DCB193091F600D88380 /* LKMessageViewController.m */; };
		C1844DCF1930927600D88380 /* LKSettingViewController.m in Sources */ = {isa = PBXBuildFile; fileRef = C1844DCE1930927600D88380 /* LKSettingViewController.m */; };
		C1844DDE1931BBBE00D88380 /* GGDraggableView.m in Sources */ = {isa = PBXBuildFile; fileRef = C1844DD91931BBBE00D88380 /* GGDraggableView.m */; };
		C1844DDF1931BBBE00D88380 /* GGOverlayView.m in Sources */ = {isa = PBXBuildFile; fileRef = C1844DDB1931BBBE00D88380 /* GGOverlayView.m */; };
		C1844DE21931BEAE00D88380 /* GGView.m in Sources */ = {isa = PBXBuildFile; fileRef = C1844DE01931BEAE00D88380 /* GGView.m */; };
		D9BA79B61931B81A00EF418E /* CompanyObject.m in Sources */ = {isa = PBXBuildFile; fileRef = D9BA79B41931B81A00EF418E /* CompanyObject.m */; };
		D9BA7A5E1931D24000EF418E /* LKUIViewController.m in Sources */ = {isa = PBXBuildFile; fileRef = D9BA7A5D1931D24000EF418E /* LKUIViewController.m */; };
		D9BA7B1E1931F4F100EF418E /* AFHTTPRequestOperation.m in Sources */ = {isa = PBXBuildFile; fileRef = D9BA7AEE1931F4F100EF418E /* AFHTTPRequestOperation.m */; };
		D9BA7B1F1931F4F100EF418E /* AFHTTPRequestOperationManager.m in Sources */ = {isa = PBXBuildFile; fileRef = D9BA7AF01931F4F100EF418E /* AFHTTPRequestOperationManager.m */; };
		D9BA7B201931F4F100EF418E /* AFHTTPSessionManager.m in Sources */ = {isa = PBXBuildFile; fileRef = D9BA7AF21931F4F100EF418E /* AFHTTPSessionManager.m */; };
		D9BA7B211931F4F100EF418E /* AFNetworkReachabilityManager.m in Sources */ = {isa = PBXBuildFile; fileRef = D9BA7AF51931F4F100EF418E /* AFNetworkReachabilityManager.m */; };
		D9BA7B221931F4F100EF418E /* AFSecurityPolicy.m in Sources */ = {isa = PBXBuildFile; fileRef = D9BA7AF71931F4F100EF418E /* AFSecurityPolicy.m */; };
		D9BA7B231931F4F100EF418E /* AFURLConnectionOperation.m in Sources */ = {isa = PBXBuildFile; fileRef = D9BA7AF91931F4F100EF418E /* AFURLConnectionOperation.m */; };
		D9BA7B241931F4F100EF418E /* AFURLRequestSerialization.m in Sources */ = {isa = PBXBuildFile; fileRef = D9BA7AFB1931F4F100EF418E /* AFURLRequestSerialization.m */; };
		D9BA7B251931F4F100EF418E /* AFURLResponseSerialization.m in Sources */ = {isa = PBXBuildFile; fileRef = D9BA7AFD1931F4F100EF418E /* AFURLResponseSerialization.m */; };
		D9BA7B261931F4F100EF418E /* AFURLSessionManager.m in Sources */ = {isa = PBXBuildFile; fileRef = D9BA7AFF1931F4F100EF418E /* AFURLSessionManager.m */; };
		D9BA7B271931F4F100EF418E /* LIALinkedInApplication.m in Sources */ = {isa = PBXBuildFile; fileRef = D9BA7B021931F4F100EF418E /* LIALinkedInApplication.m */; };
		D9BA7B281931F4F100EF418E /* LIALinkedInAuthorizationViewController.m in Sources */ = {isa = PBXBuildFile; fileRef = D9BA7B041931F4F100EF418E /* LIALinkedInAuthorizationViewController.m */; };
		D9BA7B291931F4F100EF418E /* LIALinkedInHttpClient.m in Sources */ = {isa = PBXBuildFile; fileRef = D9BA7B061931F4F100EF418E /* LIALinkedInHttpClient.m */; };
		D9BA7B2A1931F4F100EF418E /* NSString+LIAEncode.m in Sources */ = {isa = PBXBuildFile; fileRef = D9BA7B081931F4F100EF418E /* NSString+LIAEncode.m */; };
		D9BA7B2B1931F4F100EF418E /* 01-refresh.png in Resources */ = {isa = PBXBuildFile; fileRef = D9BA7B0A1931F4F100EF418E /* 01-refresh.png */; };
		D9BA7B2C1931F4F100EF418E /* 01-refresh@2x.png in Resources */ = {isa = PBXBuildFile; fileRef = D9BA7B0B1931F4F100EF418E /* 01-refresh@2x.png */; };
		D9BA7B2D1931F4F100EF418E /* AFNetworkActivityIndicatorManager.m in Sources */ = {isa = PBXBuildFile; fileRef = D9BA7B0E1931F4F100EF418E /* AFNetworkActivityIndicatorManager.m */; };
		D9BA7B2E1931F4F100EF418E /* UIActivityIndicatorView+AFNetworking.m in Sources */ = {isa = PBXBuildFile; fileRef = D9BA7B101931F4F100EF418E /* UIActivityIndicatorView+AFNetworking.m */; };
		D9BA7B2F1931F4F100EF418E /* UIAlertView+AFNetworking.m in Sources */ = {isa = PBXBuildFile; fileRef = D9BA7B121931F4F100EF418E /* UIAlertView+AFNetworking.m */; };
		D9BA7B301931F4F100EF418E /* UIButton+AFNetworking.m in Sources */ = {isa = PBXBuildFile; fileRef = D9BA7B141931F4F100EF418E /* UIButton+AFNetworking.m */; };
		D9BA7B311931F4F100EF418E /* UIImageView+AFNetworking.m in Sources */ = {isa = PBXBuildFile; fileRef = D9BA7B161931F4F100EF418E /* UIImageView+AFNetworking.m */; };
		D9BA7B321931F4F100EF418E /* UIProgressView+AFNetworking.m in Sources */ = {isa = PBXBuildFile; fileRef = D9BA7B191931F4F100EF418E /* UIProgressView+AFNetworking.m */; };
		D9BA7B331931F4F100EF418E /* UIRefreshControl+AFNetworking.m in Sources */ = {isa = PBXBuildFile; fileRef = D9BA7B1B1931F4F100EF418E /* UIRefreshControl+AFNetworking.m */; };
		D9BA7B341931F4F100EF418E /* UIWebView+AFNetworking.m in Sources */ = {isa = PBXBuildFile; fileRef = D9BA7B1D1931F4F100EF418E /* UIWebView+AFNetworking.m */; };
		D9BA7B371931F5B300EF418E /* LKLogInViewController.m in Sources */ = {isa = PBXBuildFile; fileRef = D9BA7B361931F5B300EF418E /* LKLogInViewController.m */; };
		D9BA7B3B1931FC6900EF418E /* UserObject.m in Sources */ = {isa = PBXBuildFile; fileRef = D9BA7B3A1931FC6900EF418E /* UserObject.m */; };
/* End PBXBuildFile section */

/* Begin PBXContainerItemProxy section */
		C10A086419307BE100D37112 /* PBXContainerItemProxy */ = {
			isa = PBXContainerItemProxy;
			containerPortal = C10A083619307BE000D37112 /* Project object */;
			proxyType = 1;
			remoteGlobalIDString = C10A083D19307BE000D37112;
			remoteInfo = Lynkr;
		};
/* End PBXContainerItemProxy section */

/* Begin PBXFileReference section */
		C10A083E19307BE000D37112 /* Lynkr.app */ = {isa = PBXFileReference; explicitFileType = wrapper.application; includeInIndex = 0; path = Lynkr.app; sourceTree = BUILT_PRODUCTS_DIR; };
		C10A084119307BE000D37112 /* Foundation.framework */ = {isa = PBXFileReference; lastKnownFileType = wrapper.framework; name = Foundation.framework; path = System/Library/Frameworks/Foundation.framework; sourceTree = SDKROOT; };
		C10A084319307BE000D37112 /* CoreGraphics.framework */ = {isa = PBXFileReference; lastKnownFileType = wrapper.framework; name = CoreGraphics.framework; path = System/Library/Frameworks/CoreGraphics.framework; sourceTree = SDKROOT; };
		C10A084519307BE000D37112 /* UIKit.framework */ = {isa = PBXFileReference; lastKnownFileType = wrapper.framework; name = UIKit.framework; path = System/Library/Frameworks/UIKit.framework; sourceTree = SDKROOT; };
		C10A084919307BE000D37112 /* Lynkr-Info.plist */ = {isa = PBXFileReference; lastKnownFileType = text.plist.xml; path = "Lynkr-Info.plist"; sourceTree = "<group>"; };
		C10A084B19307BE000D37112 /* en */ = {isa = PBXFileReference; lastKnownFileType = text.plist.strings; name = en; path = en.lproj/InfoPlist.strings; sourceTree = "<group>"; };
		C10A084D19307BE000D37112 /* main.m */ = {isa = PBXFileReference; lastKnownFileType = sourcecode.c.objc; path = main.m; sourceTree = "<group>"; };
		C10A084F19307BE000D37112 /* Lynkr-Prefix.pch */ = {isa = PBXFileReference; lastKnownFileType = sourcecode.c.h; path = "Lynkr-Prefix.pch"; sourceTree = "<group>"; };
		C10A085019307BE000D37112 /* AppDelegate.h */ = {isa = PBXFileReference; lastKnownFileType = sourcecode.c.h; path = AppDelegate.h; sourceTree = "<group>"; };
		C10A085119307BE000D37112 /* AppDelegate.m */ = {isa = PBXFileReference; lastKnownFileType = sourcecode.c.objc; path = AppDelegate.m; sourceTree = "<group>"; };
		C10A085419307BE000D37112 /* Base */ = {isa = PBXFileReference; lastKnownFileType = file.storyboard; name = Base; path = Base.lproj/Main.storyboard; sourceTree = "<group>"; };
		C10A085619307BE000D37112 /* LKRootViewController.h */ = {isa = PBXFileReference; lastKnownFileType = sourcecode.c.h; path = LKRootViewController.h; sourceTree = "<group>"; };
		C10A085719307BE000D37112 /* LKRootViewController.m */ = {isa = PBXFileReference; lastKnownFileType = sourcecode.c.objc; path = LKRootViewController.m; sourceTree = "<group>"; };
		C10A085919307BE000D37112 /* Images.xcassets */ = {isa = PBXFileReference; lastKnownFileType = folder.assetcatalog; path = Images.xcassets; sourceTree = "<group>"; };
		C10A085F19307BE000D37112 /* LynkrTests.xctest */ = {isa = PBXFileReference; explicitFileType = wrapper.cfbundle; includeInIndex = 0; path = LynkrTests.xctest; sourceTree = BUILT_PRODUCTS_DIR; };
		C10A086019307BE000D37112 /* XCTest.framework */ = {isa = PBXFileReference; lastKnownFileType = wrapper.framework; name = XCTest.framework; path = Library/Frameworks/XCTest.framework; sourceTree = DEVELOPER_DIR; };
		C10A086819307BE100D37112 /* LynkrTests-Info.plist */ = {isa = PBXFileReference; lastKnownFileType = text.plist.xml; path = "LynkrTests-Info.plist"; sourceTree = "<group>"; };
		C10A086A19307BE100D37112 /* en */ = {isa = PBXFileReference; lastKnownFileType = text.plist.strings; name = en; path = en.lproj/InfoPlist.strings; sourceTree = "<group>"; };
		C10A086C19307BE100D37112 /* LynkrTests.m */ = {isa = PBXFileReference; lastKnownFileType = sourcecode.c.objc; path = LynkrTests.m; sourceTree = "<group>"; };
		C10A087619307D1B00D37112 /* Parse.framework */ = {isa = PBXFileReference; lastKnownFileType = wrapper.framework; path = Parse.framework; sourceTree = "<group>"; };
		C10A087819307D4B00D37112 /* AudioToolbox.framework */ = {isa = PBXFileReference; lastKnownFileType = wrapper.framework; name = AudioToolbox.framework; path = System/Library/Frameworks/AudioToolbox.framework; sourceTree = SDKROOT; };
		C10A087A19307D5300D37112 /* CFNetwork.framework */ = {isa = PBXFileReference; lastKnownFileType = wrapper.framework; name = CFNetwork.framework; path = System/Library/Frameworks/CFNetwork.framework; sourceTree = SDKROOT; };
		C10A087C19307D6500D37112 /* CoreLocation.framework */ = {isa = PBXFileReference; lastKnownFileType = wrapper.framework; name = CoreLocation.framework; path = System/Library/Frameworks/CoreLocation.framework; sourceTree = SDKROOT; };
		C10A087E19307D6E00D37112 /* libz.dylib */ = {isa = PBXFileReference; lastKnownFileType = "compiled.mach-o.dylib"; name = libz.dylib; path = usr/lib/libz.dylib; sourceTree = SDKROOT; };
		C10A088019307D7500D37112 /* MobileCoreServices.framework */ = {isa = PBXFileReference; lastKnownFileType = wrapper.framework; name = MobileCoreServices.framework; path = System/Library/Frameworks/MobileCoreServices.framework; sourceTree = SDKROOT; };
		C10A088219307D7E00D37112 /* QuartzCore.framework */ = {isa = PBXFileReference; lastKnownFileType = wrapper.framework; name = QuartzCore.framework; path = System/Library/Frameworks/QuartzCore.framework; sourceTree = SDKROOT; };
		C10A088419307D8500D37112 /* Security.framework */ = {isa = PBXFileReference; lastKnownFileType = wrapper.framework; name = Security.framework; path = System/Library/Frameworks/Security.framework; sourceTree = SDKROOT; };
		C10A088619307D8A00D37112 /* StoreKit.framework */ = {isa = PBXFileReference; lastKnownFileType = wrapper.framework; name = StoreKit.framework; path = System/Library/Frameworks/StoreKit.framework; sourceTree = SDKROOT; };
		C10A088819307D9100D37112 /* SystemConfiguration.framework */ = {isa = PBXFileReference; lastKnownFileType = wrapper.framework; name = SystemConfiguration.framework; path = System/Library/Frameworks/SystemConfiguration.framework; sourceTree = SDKROOT; };
		C1844DB3193087CF00D88380 /* RECommonFunctions.h */ = {isa = PBXFileReference; fileEncoding = 4; lastKnownFileType = sourcecode.c.h; path = RECommonFunctions.h; sourceTree = "<group>"; };
		C1844DB4193087CF00D88380 /* RECommonFunctions.m */ = {isa = PBXFileReference; fileEncoding = 4; lastKnownFileType = sourcecode.c.objc; path = RECommonFunctions.m; sourceTree = "<group>"; };
		C1844DB5193087CF00D88380 /* RESideMenu.h */ = {isa = PBXFileReference; fileEncoding = 4; lastKnownFileType = sourcecode.c.h; path = RESideMenu.h; sourceTree = "<group>"; };
		C1844DB6193087CF00D88380 /* RESideMenu.m */ = {isa = PBXFileReference; fileEncoding = 4; lastKnownFileType = sourcecode.c.objc; path = RESideMenu.m; sourceTree = "<group>"; };
		C1844DB7193087CF00D88380 /* UIViewController+RESideMenu.h */ = {isa = PBXFileReference; fileEncoding = 4; lastKnownFileType = sourcecode.c.h; path = "UIViewController+RESideMenu.h"; sourceTree = "<group>"; };
		C1844DB8193087CF00D88380 /* UIViewController+RESideMenu.m */ = {isa = PBXFileReference; fileEncoding = 4; lastKnownFileType = sourcecode.c.objc; path = "UIViewController+RESideMenu.m"; sourceTree = "<group>"; };
		C1844DBD19308C6D00D88380 /* LKLeftMenuViewController.h */ = {isa = PBXFileReference; fileEncoding = 4; lastKnownFileType = sourcecode.c.h; path = LKLeftMenuViewController.h; sourceTree = "<group>"; };
		C1844DBE19308C6D00D88380 /* LKLeftMenuViewController.m */ = {isa = PBXFileReference; fileEncoding = 4; lastKnownFileType = sourcecode.c.objc; path = LKLeftMenuViewController.m; sourceTree = "<group>"; };
		C1844DC019308CA400D88380 /* LKRightMenuViewController.h */ = {isa = PBXFileReference; fileEncoding = 4; lastKnownFileType = sourcecode.c.h; path = LKRightMenuViewController.h; sourceTree = "<group>"; };
		C1844DC119308CA400D88380 /* LKRightMenuViewController.m */ = {isa = PBXFileReference; fileEncoding = 4; lastKnownFileType = sourcecode.c.objc; path = LKRightMenuViewController.m; sourceTree = "<group>"; };
		C1844DC419308FEC00D88380 /* LKHomeViewController.h */ = {isa = PBXFileReference; fileEncoding = 4; lastKnownFileType = sourcecode.c.h; path = LKHomeViewController.h; sourceTree = "<group>"; };
		C1844DC519308FEC00D88380 /* LKHomeViewController.m */ = {isa = PBXFileReference; fileEncoding = 4; lastKnownFileType = sourcecode.c.objc; path = LKHomeViewController.m; sourceTree = "<group>"; };
		C1844DC7193090C000D88380 /* LKProfileViewController.h */ = {isa = PBXFileReference; fileEncoding = 4; lastKnownFileType = sourcecode.c.h; path = LKProfileViewController.h; sourceTree = "<group>"; };
		C1844DC8193090C000D88380 /* LKProfileViewController.m */ = {isa = PBXFileReference; fileEncoding = 4; lastKnownFileType = sourcecode.c.objc; path = LKProfileViewController.m; sourceTree = "<group>"; };
		C1844DCA193091F600D88380 /* LKMessageViewController.h */ = {isa = PBXFileReference; fileEncoding = 4; lastKnownFileType = sourcecode.c.h; path = LKMessageViewController.h; sourceTree = "<group>"; };
		C1844DCB193091F600D88380 /* LKMessageViewController.m */ = {isa = PBXFileReference; fileEncoding = 4; lastKnownFileType = sourcecode.c.objc; path = LKMessageViewController.m; sourceTree = "<group>"; };
		C1844DCD1930927600D88380 /* LKSettingViewController.h */ = {isa = PBXFileReference; fileEncoding = 4; lastKnownFileType = sourcecode.c.h; path = LKSettingViewController.h; sourceTree = "<group>"; };
		C1844DCE1930927600D88380 /* LKSettingViewController.m */ = {isa = PBXFileReference; fileEncoding = 4; lastKnownFileType = sourcecode.c.objc; path = LKSettingViewController.m; sourceTree = "<group>"; };
		C1844DD91931BBBE00D88380 /* GGDraggableView.m */ = {isa = PBXFileReference; fileEncoding = 4; lastKnownFileType = sourcecode.c.objc; path = GGDraggableView.m; sourceTree = "<group>"; };
		C1844DDA1931BBBE00D88380 /* GGDraggableView.h */ = {isa = PBXFileReference; fileEncoding = 4; lastKnownFileType = sourcecode.c.h; path = GGDraggableView.h; sourceTree = "<group>"; };
		C1844DDB1931BBBE00D88380 /* GGOverlayView.m */ = {isa = PBXFileReference; fileEncoding = 4; lastKnownFileType = sourcecode.c.objc; path = GGOverlayView.m; sourceTree = "<group>"; };
		C1844DDC1931BBBE00D88380 /* GGOverlayView.h */ = {isa = PBXFileReference; fileEncoding = 4; lastKnownFileType = sourcecode.c.h; path = GGOverlayView.h; sourceTree = "<group>"; };
		C1844DE01931BEAE00D88380 /* GGView.m */ = {isa = PBXFileReference; fileEncoding = 4; lastKnownFileType = sourcecode.c.objc; path = GGView.m; sourceTree = "<group>"; };
		C1844DE11931BEAE00D88380 /* GGView.h */ = {isa = PBXFileReference; fileEncoding = 4; lastKnownFileType = sourcecode.c.h; path = GGView.h; sourceTree = "<group>"; };
		D9BA79B41931B81A00EF418E /* CompanyObject.m */ = {isa = PBXFileReference; fileEncoding = 4; lastKnownFileType = sourcecode.c.objc; path = CompanyObject.m; sourceTree = "<group>"; };
		D9BA79B51931B81A00EF418E /* CompanyObject.h */ = {isa = PBXFileReference; fileEncoding = 4; lastKnownFileType = sourcecode.c.h; path = CompanyObject.h; sourceTree = "<group>"; };
		D9BA7A5C1931D24000EF418E /* LKUIViewController.h */ = {isa = PBXFileReference; fileEncoding = 4; lastKnownFileType = sourcecode.c.h; path = LKUIViewController.h; sourceTree = "<group>"; };
		D9BA7A5D1931D24000EF418E /* LKUIViewController.m */ = {isa = PBXFileReference; fileEncoding = 4; lastKnownFileType = sourcecode.c.objc; path = LKUIViewController.m; sourceTree = "<group>"; };
		D9BA7AED1931F4F100EF418E /* AFHTTPRequestOperation.h */ = {isa = PBXFileReference; fileEncoding = 4; lastKnownFileType = sourcecode.c.h; path = AFHTTPRequestOperation.h; sourceTree = "<group>"; };
		D9BA7AEE1931F4F100EF418E /* AFHTTPRequestOperation.m */ = {isa = PBXFileReference; fileEncoding = 4; lastKnownFileType = sourcecode.c.objc; path = AFHTTPRequestOperation.m; sourceTree = "<group>"; };
		D9BA7AEF1931F4F100EF418E /* AFHTTPRequestOperationManager.h */ = {isa = PBXFileReference; fileEncoding = 4; lastKnownFileType = sourcecode.c.h; path = AFHTTPRequestOperationManager.h; sourceTree = "<group>"; };
		D9BA7AF01931F4F100EF418E /* AFHTTPRequestOperationManager.m */ = {isa = PBXFileReference; fileEncoding = 4; lastKnownFileType = sourcecode.c.objc; path = AFHTTPRequestOperationManager.m; sourceTree = "<group>"; };
		D9BA7AF11931F4F100EF418E /* AFHTTPSessionManager.h */ = {isa = PBXFileReference; fileEncoding = 4; lastKnownFileType = sourcecode.c.h; path = AFHTTPSessionManager.h; sourceTree = "<group>"; };
		D9BA7AF21931F4F100EF418E /* AFHTTPSessionManager.m */ = {isa = PBXFileReference; fileEncoding = 4; lastKnownFileType = sourcecode.c.objc; path = AFHTTPSessionManager.m; sourceTree = "<group>"; };
		D9BA7AF31931F4F100EF418E /* AFNetworking.h */ = {isa = PBXFileReference; fileEncoding = 4; lastKnownFileType = sourcecode.c.h; path = AFNetworking.h; sourceTree = "<group>"; };
		D9BA7AF41931F4F100EF418E /* AFNetworkReachabilityManager.h */ = {isa = PBXFileReference; fileEncoding = 4; lastKnownFileType = sourcecode.c.h; path = AFNetworkReachabilityManager.h; sourceTree = "<group>"; };
		D9BA7AF51931F4F100EF418E /* AFNetworkReachabilityManager.m */ = {isa = PBXFileReference; fileEncoding = 4; lastKnownFileType = sourcecode.c.objc; path = AFNetworkReachabilityManager.m; sourceTree = "<group>"; };
		D9BA7AF61931F4F100EF418E /* AFSecurityPolicy.h */ = {isa = PBXFileReference; fileEncoding = 4; lastKnownFileType = sourcecode.c.h; path = AFSecurityPolicy.h; sourceTree = "<group>"; };
		D9BA7AF71931F4F100EF418E /* AFSecurityPolicy.m */ = {isa = PBXFileReference; fileEncoding = 4; lastKnownFileType = sourcecode.c.objc; path = AFSecurityPolicy.m; sourceTree = "<group>"; };
		D9BA7AF81931F4F100EF418E /* AFURLConnectionOperation.h */ = {isa = PBXFileReference; fileEncoding = 4; lastKnownFileType = sourcecode.c.h; path = AFURLConnectionOperation.h; sourceTree = "<group>"; };
		D9BA7AF91931F4F100EF418E /* AFURLConnectionOperation.m */ = {isa = PBXFileReference; fileEncoding = 4; lastKnownFileType = sourcecode.c.objc; path = AFURLConnectionOperation.m; sourceTree = "<group>"; };
		D9BA7AFA1931F4F100EF418E /* AFURLRequestSerialization.h */ = {isa = PBXFileReference; fileEncoding = 4; lastKnownFileType = sourcecode.c.h; path = AFURLRequestSerialization.h; sourceTree = "<group>"; };
		D9BA7AFB1931F4F100EF418E /* AFURLRequestSerialization.m */ = {isa = PBXFileReference; fileEncoding = 4; lastKnownFileType = sourcecode.c.objc; path = AFURLRequestSerialization.m; sourceTree = "<group>"; };
		D9BA7AFC1931F4F100EF418E /* AFURLResponseSerialization.h */ = {isa = PBXFileReference; fileEncoding = 4; lastKnownFileType = sourcecode.c.h; path = AFURLResponseSerialization.h; sourceTree = "<group>"; };
		D9BA7AFD1931F4F100EF418E /* AFURLResponseSerialization.m */ = {isa = PBXFileReference; fileEncoding = 4; lastKnownFileType = sourcecode.c.objc; path = AFURLResponseSerialization.m; sourceTree = "<group>"; };
		D9BA7AFE1931F4F100EF418E /* AFURLSessionManager.h */ = {isa = PBXFileReference; fileEncoding = 4; lastKnownFileType = sourcecode.c.h; path = AFURLSessionManager.h; sourceTree = "<group>"; };
		D9BA7AFF1931F4F100EF418E /* AFURLSessionManager.m */ = {isa = PBXFileReference; fileEncoding = 4; lastKnownFileType = sourcecode.c.objc; path = AFURLSessionManager.m; sourceTree = "<group>"; };
		D9BA7B011931F4F100EF418E /* LIALinkedInApplication.h */ = {isa = PBXFileReference; fileEncoding = 4; lastKnownFileType = sourcecode.c.h; path = LIALinkedInApplication.h; sourceTree = "<group>"; };
		D9BA7B021931F4F100EF418E /* LIALinkedInApplication.m */ = {isa = PBXFileReference; fileEncoding = 4; lastKnownFileType = sourcecode.c.objc; path = LIALinkedInApplication.m; sourceTree = "<group>"; };
		D9BA7B031931F4F100EF418E /* LIALinkedInAuthorizationViewController.h */ = {isa = PBXFileReference; fileEncoding = 4; lastKnownFileType = sourcecode.c.h; path = LIALinkedInAuthorizationViewController.h; sourceTree = "<group>"; };
		D9BA7B041931F4F100EF418E /* LIALinkedInAuthorizationViewController.m */ = {isa = PBXFileReference; fileEncoding = 4; lastKnownFileType = sourcecode.c.objc; path = LIALinkedInAuthorizationViewController.m; sourceTree = "<group>"; };
		D9BA7B051931F4F100EF418E /* LIALinkedInHttpClient.h */ = {isa = PBXFileReference; fileEncoding = 4; lastKnownFileType = sourcecode.c.h; path = LIALinkedInHttpClient.h; sourceTree = "<group>"; };
		D9BA7B061931F4F100EF418E /* LIALinkedInHttpClient.m */ = {isa = PBXFileReference; fileEncoding = 4; lastKnownFileType = sourcecode.c.objc; path = LIALinkedInHttpClient.m; sourceTree = "<group>"; };
		D9BA7B071931F4F100EF418E /* NSString+LIAEncode.h */ = {isa = PBXFileReference; fileEncoding = 4; lastKnownFileType = sourcecode.c.h; path = "NSString+LIAEncode.h"; sourceTree = "<group>"; };
		D9BA7B081931F4F100EF418E /* NSString+LIAEncode.m */ = {isa = PBXFileReference; fileEncoding = 4; lastKnownFileType = sourcecode.c.objc; path = "NSString+LIAEncode.m"; sourceTree = "<group>"; };
		D9BA7B0A1931F4F100EF418E /* 01-refresh.png */ = {isa = PBXFileReference; lastKnownFileType = image.png; path = "01-refresh.png"; sourceTree = "<group>"; };
		D9BA7B0B1931F4F100EF418E /* 01-refresh@2x.png */ = {isa = PBXFileReference; lastKnownFileType = image.png; path = "01-refresh@2x.png"; sourceTree = "<group>"; };
		D9BA7B0D1931F4F100EF418E /* AFNetworkActivityIndicatorManager.h */ = {isa = PBXFileReference; fileEncoding = 4; lastKnownFileType = sourcecode.c.h; path = AFNetworkActivityIndicatorManager.h; sourceTree = "<group>"; };
		D9BA7B0E1931F4F100EF418E /* AFNetworkActivityIndicatorManager.m */ = {isa = PBXFileReference; fileEncoding = 4; lastKnownFileType = sourcecode.c.objc; path = AFNetworkActivityIndicatorManager.m; sourceTree = "<group>"; };
		D9BA7B0F1931F4F100EF418E /* UIActivityIndicatorView+AFNetworking.h */ = {isa = PBXFileReference; fileEncoding = 4; lastKnownFileType = sourcecode.c.h; path = "UIActivityIndicatorView+AFNetworking.h"; sourceTree = "<group>"; };
		D9BA7B101931F4F100EF418E /* UIActivityIndicatorView+AFNetworking.m */ = {isa = PBXFileReference; fileEncoding = 4; lastKnownFileType = sourcecode.c.objc; path = "UIActivityIndicatorView+AFNetworking.m"; sourceTree = "<group>"; };
		D9BA7B111931F4F100EF418E /* UIAlertView+AFNetworking.h */ = {isa = PBXFileReference; fileEncoding = 4; lastKnownFileType = sourcecode.c.h; path = "UIAlertView+AFNetworking.h"; sourceTree = "<group>"; };
		D9BA7B121931F4F100EF418E /* UIAlertView+AFNetworking.m */ = {isa = PBXFileReference; fileEncoding = 4; lastKnownFileType = sourcecode.c.objc; path = "UIAlertView+AFNetworking.m"; sourceTree = "<group>"; };
		D9BA7B131931F4F100EF418E /* UIButton+AFNetworking.h */ = {isa = PBXFileReference; fileEncoding = 4; lastKnownFileType = sourcecode.c.h; path = "UIButton+AFNetworking.h"; sourceTree = "<group>"; };
		D9BA7B141931F4F100EF418E /* UIButton+AFNetworking.m */ = {isa = PBXFileReference; fileEncoding = 4; lastKnownFileType = sourcecode.c.objc; path = "UIButton+AFNetworking.m"; sourceTree = "<group>"; };
		D9BA7B151931F4F100EF418E /* UIImageView+AFNetworking.h */ = {isa = PBXFileReference; fileEncoding = 4; lastKnownFileType = sourcecode.c.h; path = "UIImageView+AFNetworking.h"; sourceTree = "<group>"; };
		D9BA7B161931F4F100EF418E /* UIImageView+AFNetworking.m */ = {isa = PBXFileReference; fileEncoding = 4; lastKnownFileType = sourcecode.c.objc; path = "UIImageView+AFNetworking.m"; sourceTree = "<group>"; };
		D9BA7B171931F4F100EF418E /* UIKit+AFNetworking.h */ = {isa = PBXFileReference; fileEncoding = 4; lastKnownFileType = sourcecode.c.h; path = "UIKit+AFNetworking.h"; sourceTree = "<group>"; };
		D9BA7B181931F4F100EF418E /* UIProgressView+AFNetworking.h */ = {isa = PBXFileReference; fileEncoding = 4; lastKnownFileType = sourcecode.c.h; path = "UIProgressView+AFNetworking.h"; sourceTree = "<group>"; };
		D9BA7B191931F4F100EF418E /* UIProgressView+AFNetworking.m */ = {isa = PBXFileReference; fileEncoding = 4; lastKnownFileType = sourcecode.c.objc; path = "UIProgressView+AFNetworking.m"; sourceTree = "<group>"; };
		D9BA7B1A1931F4F100EF418E /* UIRefreshControl+AFNetworking.h */ = {isa = PBXFileReference; fileEncoding = 4; lastKnownFileType = sourcecode.c.h; path = "UIRefreshControl+AFNetworking.h"; sourceTree = "<group>"; };
		D9BA7B1B1931F4F100EF418E /* UIRefreshControl+AFNetworking.m */ = {isa = PBXFileReference; fileEncoding = 4; lastKnownFileType = sourcecode.c.objc; path = "UIRefreshControl+AFNetworking.m"; sourceTree = "<group>"; };
		D9BA7B1C1931F4F100EF418E /* UIWebView+AFNetworking.h */ = {isa = PBXFileReference; fileEncoding = 4; lastKnownFileType = sourcecode.c.h; path = "UIWebView+AFNetworking.h"; sourceTree = "<group>"; };
		D9BA7B1D1931F4F100EF418E /* UIWebView+AFNetworking.m */ = {isa = PBXFileReference; fileEncoding = 4; lastKnownFileType = sourcecode.c.objc; path = "UIWebView+AFNetworking.m"; sourceTree = "<group>"; };
		D9BA7B351931F5B300EF418E /* LKLogInViewController.h */ = {isa = PBXFileReference; fileEncoding = 4; lastKnownFileType = sourcecode.c.h; path = LKLogInViewController.h; sourceTree = "<group>"; };
		D9BA7B361931F5B300EF418E /* LKLogInViewController.m */ = {isa = PBXFileReference; fileEncoding = 4; lastKnownFileType = sourcecode.c.objc; path = LKLogInViewController.m; sourceTree = "<group>"; };
		D9BA7B391931FC6900EF418E /* UserObject.h */ = {isa = PBXFileReference; fileEncoding = 4; lastKnownFileType = sourcecode.c.h; path = UserObject.h; sourceTree = "<group>"; };
		D9BA7B3A1931FC6900EF418E /* UserObject.m */ = {isa = PBXFileReference; fileEncoding = 4; lastKnownFileType = sourcecode.c.objc; path = UserObject.m; sourceTree = "<group>"; };
/* End PBXFileReference section */

/* Begin PBXFrameworksBuildPhase section */
		C10A083B19307BE000D37112 /* Frameworks */ = {
			isa = PBXFrameworksBuildPhase;
			buildActionMask = 2147483647;
			files = (
				C10A088919307D9100D37112 /* SystemConfiguration.framework in Frameworks */,
				C10A088719307D8A00D37112 /* StoreKit.framework in Frameworks */,
				C10A088519307D8500D37112 /* Security.framework in Frameworks */,
				C10A088319307D7E00D37112 /* QuartzCore.framework in Frameworks */,
				C10A088119307D7500D37112 /* MobileCoreServices.framework in Frameworks */,
				C10A087F19307D6E00D37112 /* libz.dylib in Frameworks */,
				C10A087D19307D6500D37112 /* CoreLocation.framework in Frameworks */,
				C10A084419307BE000D37112 /* CoreGraphics.framework in Frameworks */,
				C10A087B19307D5300D37112 /* CFNetwork.framework in Frameworks */,
				C10A087919307D4B00D37112 /* AudioToolbox.framework in Frameworks */,
				C10A084619307BE000D37112 /* UIKit.framework in Frameworks */,
				C10A087719307D1B00D37112 /* Parse.framework in Frameworks */,
				C10A084219307BE000D37112 /* Foundation.framework in Frameworks */,
			);
			runOnlyForDeploymentPostprocessing = 0;
		};
		C10A085C19307BE000D37112 /* Frameworks */ = {
			isa = PBXFrameworksBuildPhase;
			buildActionMask = 2147483647;
			files = (
				C10A086119307BE000D37112 /* XCTest.framework in Frameworks */,
				C10A086319307BE100D37112 /* UIKit.framework in Frameworks */,
				C10A086219307BE000D37112 /* Foundation.framework in Frameworks */,
			);
			runOnlyForDeploymentPostprocessing = 0;
		};
/* End PBXFrameworksBuildPhase section */

/* Begin PBXGroup section */
		C10A083519307BE000D37112 = {
			isa = PBXGroup;
			children = (
				C10A084719307BE000D37112 /* Lynkr */,
				C10A086619307BE100D37112 /* LynkrTests */,
				C10A084019307BE000D37112 /* Frameworks */,
				C10A083F19307BE000D37112 /* Products */,
			);
			sourceTree = "<group>";
		};
		C10A083F19307BE000D37112 /* Products */ = {
			isa = PBXGroup;
			children = (
				C10A083E19307BE000D37112 /* Lynkr.app */,
				C10A085F19307BE000D37112 /* LynkrTests.xctest */,
			);
			name = Products;
			sourceTree = "<group>";
		};
		C10A084019307BE000D37112 /* Frameworks */ = {
			isa = PBXGroup;
			children = (
				C10A088819307D9100D37112 /* SystemConfiguration.framework */,
				C10A088619307D8A00D37112 /* StoreKit.framework */,
				C10A088419307D8500D37112 /* Security.framework */,
				C10A088219307D7E00D37112 /* QuartzCore.framework */,
				C10A088019307D7500D37112 /* MobileCoreServices.framework */,
				C10A087E19307D6E00D37112 /* libz.dylib */,
				C10A087C19307D6500D37112 /* CoreLocation.framework */,
				C10A087A19307D5300D37112 /* CFNetwork.framework */,
				C10A087819307D4B00D37112 /* AudioToolbox.framework */,
				C10A087619307D1B00D37112 /* Parse.framework */,
				C10A084119307BE000D37112 /* Foundation.framework */,
				C10A084319307BE000D37112 /* CoreGraphics.framework */,
				C10A084519307BE000D37112 /* UIKit.framework */,
				C10A086019307BE000D37112 /* XCTest.framework */,
			);
			name = Frameworks;
			sourceTree = "<group>";
		};
		C10A084719307BE000D37112 /* Lynkr */ = {
			isa = PBXGroup;
			children = (
				D9BA7B381931F5CF00EF418E /* Libraries */,
				D9BA7B351931F5B300EF418E /* LKLogInViewController.h */,
				D9BA7B361931F5B300EF418E /* LKLogInViewController.m */,
				D9BA79B41931B81A00EF418E /* CompanyObject.m */,
				D9BA79B51931B81A00EF418E /* CompanyObject.h */,
				D9BA7B391931FC6900EF418E /* UserObject.h */,
				D9BA7B3A1931FC6900EF418E /* UserObject.m */,
				C10A085019307BE000D37112 /* AppDelegate.h */,
				C10A085119307BE000D37112 /* AppDelegate.m */,
				C10A085319307BE000D37112 /* Main.storyboard */,
				D9BA7A5C1931D24000EF418E /* LKUIViewController.h */,
				D9BA7A5D1931D24000EF418E /* LKUIViewController.m */,
				C10A085619307BE000D37112 /* LKRootViewController.h */,
				C10A085719307BE000D37112 /* LKRootViewController.m */,
				C1844DC419308FEC00D88380 /* LKHomeViewController.h */,
				C1844DC519308FEC00D88380 /* LKHomeViewController.m */,
				C1844DC7193090C000D88380 /* LKProfileViewController.h */,
				C1844DC8193090C000D88380 /* LKProfileViewController.m */,
				C1844DCA193091F600D88380 /* LKMessageViewController.h */,
				C1844DCB193091F600D88380 /* LKMessageViewController.m */,
				C1844DCD1930927600D88380 /* LKSettingViewController.h */,
				C1844DCE1930927600D88380 /* LKSettingViewController.m */,
				C10A085919307BE000D37112 /* Images.xcassets */,
				C10A084819307BE000D37112 /* Supporting Files */,
			);
			path = Lynkr;
			sourceTree = "<group>";
		};
		C10A084819307BE000D37112 /* Supporting Files */ = {
			isa = PBXGroup;
			children = (
				C10A084919307BE000D37112 /* Lynkr-Info.plist */,
				C10A084A19307BE000D37112 /* InfoPlist.strings */,
				C10A084D19307BE000D37112 /* main.m */,
				C10A084F19307BE000D37112 /* Lynkr-Prefix.pch */,
			);
			name = "Supporting Files";
			sourceTree = "<group>";
		};
		C10A086619307BE100D37112 /* LynkrTests */ = {
			isa = PBXGroup;
			children = (
				C10A086C19307BE100D37112 /* LynkrTests.m */,
				C10A086719307BE100D37112 /* Supporting Files */,
			);
			path = LynkrTests;
			sourceTree = "<group>";
		};
		C10A086719307BE100D37112 /* Supporting Files */ = {
			isa = PBXGroup;
			children = (
				C10A086819307BE100D37112 /* LynkrTests-Info.plist */,
				C10A086919307BE100D37112 /* InfoPlist.strings */,
			);
			name = "Supporting Files";
			sourceTree = "<group>";
		};
		C1844DB2193087CF00D88380 /* RESideMenu */ = {
			isa = PBXGroup;
			children = (
				C1844DB3193087CF00D88380 /* RECommonFunctions.h */,
				C1844DB4193087CF00D88380 /* RECommonFunctions.m */,
				C1844DB5193087CF00D88380 /* RESideMenu.h */,
				C1844DB6193087CF00D88380 /* RESideMenu.m */,
				C1844DB7193087CF00D88380 /* UIViewController+RESideMenu.h */,
				C1844DB8193087CF00D88380 /* UIViewController+RESideMenu.m */,
			);
			path = RESideMenu;
			sourceTree = "<group>";
		};
		C1844DBC193089BA00D88380 /* OpenSource */ = {
			isa = PBXGroup;
			children = (
				C1844DB2193087CF00D88380 /* RESideMenu */,
			);
			name = OpenSource;
			path = Lynkr;
			sourceTree = "<group>";
		};
		C1844DC319308FB300D88380 /* SideMenu */ = {
			isa = PBXGroup;
			children = (
				C1844DBD19308C6D00D88380 /* LKLeftMenuViewController.h */,
				C1844DBE19308C6D00D88380 /* LKLeftMenuViewController.m */,
				C1844DC019308CA400D88380 /* LKRightMenuViewController.h */,
				C1844DC119308CA400D88380 /* LKRightMenuViewController.m */,
			);
			name = SideMenu;
			path = Lynkr;
			sourceTree = "<group>";
		};
		C1844DD61931BBA900D88380 /* SlideView */ = {
			isa = PBXGroup;
			children = (
				C1844DE01931BEAE00D88380 /* GGView.m */,
				C1844DE11931BEAE00D88380 /* GGView.h */,
				C1844DD91931BBBE00D88380 /* GGDraggableView.m */,
				C1844DDA1931BBBE00D88380 /* GGDraggableView.h */,
				C1844DDB1931BBBE00D88380 /* GGOverlayView.m */,
				C1844DDC1931BBBE00D88380 /* GGOverlayView.h */,
			);
			name = SlideView;
			path = Lynkr;
			sourceTree = "<group>";
		};
		D9BA7AEC1931F4F100EF418E /* AFNetworking */ = {
			isa = PBXGroup;
			children = (
				D9BA7AED1931F4F100EF418E /* AFHTTPRequestOperation.h */,
				D9BA7AEE1931F4F100EF418E /* AFHTTPRequestOperation.m */,
				D9BA7AEF1931F4F100EF418E /* AFHTTPRequestOperationManager.h */,
				D9BA7AF01931F4F100EF418E /* AFHTTPRequestOperationManager.m */,
				D9BA7AF11931F4F100EF418E /* AFHTTPSessionManager.h */,
				D9BA7AF21931F4F100EF418E /* AFHTTPSessionManager.m */,
				D9BA7AF31931F4F100EF418E /* AFNetworking.h */,
				D9BA7AF41931F4F100EF418E /* AFNetworkReachabilityManager.h */,
				D9BA7AF51931F4F100EF418E /* AFNetworkReachabilityManager.m */,
				D9BA7AF61931F4F100EF418E /* AFSecurityPolicy.h */,
				D9BA7AF71931F4F100EF418E /* AFSecurityPolicy.m */,
				D9BA7AF81931F4F100EF418E /* AFURLConnectionOperation.h */,
				D9BA7AF91931F4F100EF418E /* AFURLConnectionOperation.m */,
				D9BA7AFA1931F4F100EF418E /* AFURLRequestSerialization.h */,
				D9BA7AFB1931F4F100EF418E /* AFURLRequestSerialization.m */,
				D9BA7AFC1931F4F100EF418E /* AFURLResponseSerialization.h */,
				D9BA7AFD1931F4F100EF418E /* AFURLResponseSerialization.m */,
				D9BA7AFE1931F4F100EF418E /* AFURLSessionManager.h */,
				D9BA7AFF1931F4F100EF418E /* AFURLSessionManager.m */,
			);
			name = AFNetworking;
			path = Lynkr/AFNetworking;
			sourceTree = "<group>";
		};
		D9BA7B001931F4F100EF418E /* IOSLinkedInAPI */ = {
			isa = PBXGroup;
			children = (
				D9BA7B011931F4F100EF418E /* LIALinkedInApplication.h */,
				D9BA7B021931F4F100EF418E /* LIALinkedInApplication.m */,
				D9BA7B031931F4F100EF418E /* LIALinkedInAuthorizationViewController.h */,
				D9BA7B041931F4F100EF418E /* LIALinkedInAuthorizationViewController.m */,
				D9BA7B051931F4F100EF418E /* LIALinkedInHttpClient.h */,
				D9BA7B061931F4F100EF418E /* LIALinkedInHttpClient.m */,
				D9BA7B071931F4F100EF418E /* NSString+LIAEncode.h */,
				D9BA7B081931F4F100EF418E /* NSString+LIAEncode.m */,
				D9BA7B091931F4F100EF418E /* Resources */,
			);
			name = IOSLinkedInAPI;
			path = Lynkr/IOSLinkedInAPI;
			sourceTree = "<group>";
		};
		D9BA7B091931F4F100EF418E /* Resources */ = {
			isa = PBXGroup;
			children = (
				D9BA7B0A1931F4F100EF418E /* 01-refresh.png */,
				D9BA7B0B1931F4F100EF418E /* 01-refresh@2x.png */,
			);
			path = Resources;
			sourceTree = "<group>";
		};
		D9BA7B0C1931F4F100EF418E /* UIKit+AFNetworking */ = {
			isa = PBXGroup;
			children = (
				D9BA7B0D1931F4F100EF418E /* AFNetworkActivityIndicatorManager.h */,
				D9BA7B0E1931F4F100EF418E /* AFNetworkActivityIndicatorManager.m */,
				D9BA7B0F1931F4F100EF418E /* UIActivityIndicatorView+AFNetworking.h */,
				D9BA7B101931F4F100EF418E /* UIActivityIndicatorView+AFNetworking.m */,
				D9BA7B111931F4F100EF418E /* UIAlertView+AFNetworking.h */,
				D9BA7B121931F4F100EF418E /* UIAlertView+AFNetworking.m */,
				D9BA7B131931F4F100EF418E /* UIButton+AFNetworking.h */,
				D9BA7B141931F4F100EF418E /* UIButton+AFNetworking.m */,
				D9BA7B151931F4F100EF418E /* UIImageView+AFNetworking.h */,
				D9BA7B161931F4F100EF418E /* UIImageView+AFNetworking.m */,
				D9BA7B171931F4F100EF418E /* UIKit+AFNetworking.h */,
				D9BA7B181931F4F100EF418E /* UIProgressView+AFNetworking.h */,
				D9BA7B191931F4F100EF418E /* UIProgressView+AFNetworking.m */,
				D9BA7B1A1931F4F100EF418E /* UIRefreshControl+AFNetworking.h */,
				D9BA7B1B1931F4F100EF418E /* UIRefreshControl+AFNetworking.m */,
				D9BA7B1C1931F4F100EF418E /* UIWebView+AFNetworking.h */,
				D9BA7B1D1931F4F100EF418E /* UIWebView+AFNetworking.m */,
			);
			name = "UIKit+AFNetworking";
			path = "Lynkr/UIKit+AFNetworking";
			sourceTree = "<group>";
		};
		D9BA7B381931F5CF00EF418E /* Libraries */ = {
			isa = PBXGroup;
			children = (
				C1844DD61931BBA900D88380 /* SlideView */,
				C1844DC319308FB300D88380 /* SideMenu */,
				C1844DBC193089BA00D88380 /* OpenSource */,
				D9BA7AEC1931F4F100EF418E /* AFNetworking */,
				D9BA7B001931F4F100EF418E /* IOSLinkedInAPI */,
				D9BA7B0C1931F4F100EF418E /* UIKit+AFNetworking */,
			);
			name = Libraries;
			path = ..;
			sourceTree = "<group>";
		};
/* End PBXGroup section */

/* Begin PBXNativeTarget section */
		C10A083D19307BE000D37112 /* Lynkr */ = {
			isa = PBXNativeTarget;
			buildConfigurationList = C10A087019307BE100D37112 /* Build configuration list for PBXNativeTarget "Lynkr" */;
			buildPhases = (
				C10A083A19307BE000D37112 /* Sources */,
				C10A083B19307BE000D37112 /* Frameworks */,
				C10A083C19307BE000D37112 /* Resources */,
			);
			buildRules = (
			);
			dependencies = (
			);
			name = Lynkr;
			productName = Lynkr;
			productReference = C10A083E19307BE000D37112 /* Lynkr.app */;
			productType = "com.apple.product-type.application";
		};
		C10A085E19307BE000D37112 /* LynkrTests */ = {
			isa = PBXNativeTarget;
			buildConfigurationList = C10A087319307BE100D37112 /* Build configuration list for PBXNativeTarget "LynkrTests" */;
			buildPhases = (
				C10A085B19307BE000D37112 /* Sources */,
				C10A085C19307BE000D37112 /* Frameworks */,
				C10A085D19307BE000D37112 /* Resources */,
			);
			buildRules = (
			);
			dependencies = (
				C10A086519307BE100D37112 /* PBXTargetDependency */,
			);
			name = LynkrTests;
			productName = LynkrTests;
			productReference = C10A085F19307BE000D37112 /* LynkrTests.xctest */;
			productType = "com.apple.product-type.bundle.unit-test";
		};
/* End PBXNativeTarget section */

/* Begin PBXProject section */
		C10A083619307BE000D37112 /* Project object */ = {
			isa = PBXProject;
			attributes = {
				LastUpgradeCheck = 0510;
				ORGANIZATIONNAME = "Derrick J Chie";
				TargetAttributes = {
					C10A085E19307BE000D37112 = {
						TestTargetID = C10A083D19307BE000D37112;
					};
				};
			};
			buildConfigurationList = C10A083919307BE000D37112 /* Build configuration list for PBXProject "Lynkr" */;
			compatibilityVersion = "Xcode 3.2";
			developmentRegion = English;
			hasScannedForEncodings = 0;
			knownRegions = (
				en,
				Base,
			);
			mainGroup = C10A083519307BE000D37112;
			productRefGroup = C10A083F19307BE000D37112 /* Products */;
			projectDirPath = "";
			projectRoot = "";
			targets = (
				C10A083D19307BE000D37112 /* Lynkr */,
				C10A085E19307BE000D37112 /* LynkrTests */,
			);
		};
/* End PBXProject section */

/* Begin PBXResourcesBuildPhase section */
		C10A083C19307BE000D37112 /* Resources */ = {
			isa = PBXResourcesBuildPhase;
			buildActionMask = 2147483647;
			files = (
				C10A085A19307BE000D37112 /* Images.xcassets in Resources */,
				C10A084C19307BE000D37112 /* InfoPlist.strings in Resources */,
				D9BA7B2B1931F4F100EF418E /* 01-refresh.png in Resources */,
				C10A085519307BE000D37112 /* Main.storyboard in Resources */,
				D9BA7B2C1931F4F100EF418E /* 01-refresh@2x.png in Resources */,
			);
			runOnlyForDeploymentPostprocessing = 0;
		};
		C10A085D19307BE000D37112 /* Resources */ = {
			isa = PBXResourcesBuildPhase;
			buildActionMask = 2147483647;
			files = (
				C10A086B19307BE100D37112 /* InfoPlist.strings in Resources */,
			);
			runOnlyForDeploymentPostprocessing = 0;
		};
/* End PBXResourcesBuildPhase section */

/* Begin PBXSourcesBuildPhase section */
		C10A083A19307BE000D37112 /* Sources */ = {
			isa = PBXSourcesBuildPhase;
			buildActionMask = 2147483647;
			files = (
				D9BA7B301931F4F100EF418E /* UIButton+AFNetworking.m in Sources */,
				D9BA7B2A1931F4F100EF418E /* NSString+LIAEncode.m in Sources */,
				D9BA7B1E1931F4F100EF418E /* AFHTTPRequestOperation.m in Sources */,
				C1844DCF1930927600D88380 /* LKSettingViewController.m in Sources */,
				D9BA7B321931F4F100EF418E /* UIProgressView+AFNetworking.m in Sources */,
				D9BA79B61931B81A00EF418E /* CompanyObject.m in Sources */,
				C10A085819307BE000D37112 /* LKRootViewController.m in Sources */,
				D9BA7B331931F4F100EF418E /* UIRefreshControl+AFNetworking.m in Sources */,
				D9BA7A5E1931D24000EF418E /* LKUIViewController.m in Sources */,
				C10A085219307BE000D37112 /* AppDelegate.m in Sources */,
				C1844DDF1931BBBE00D88380 /* GGOverlayView.m in Sources */,
				D9BA7B201931F4F100EF418E /* AFHTTPSessionManager.m in Sources */,
				C10A084E19307BE000D37112 /* main.m in Sources */,
				D9BA7B3B1931FC6900EF418E /* UserObject.m in Sources */,
				D9BA7B291931F4F100EF418E /* LIALinkedInHttpClient.m in Sources */,
				D9BA7B2D1931F4F100EF418E /* AFNetworkActivityIndicatorManager.m in Sources */,
				C1844DBA193087CF00D88380 /* RESideMenu.m in Sources */,
				D9BA7B211931F4F100EF418E /* AFNetworkReachabilityManager.m in Sources */,
				D9BA7B261931F4F100EF418E /* AFURLSessionManager.m in Sources */,
				D9BA7B2F1931F4F100EF418E /* UIAlertView+AFNetworking.m in Sources */,
				C1844DDE1931BBBE00D88380 /* GGDraggableView.m in Sources */,
				C1844DC619308FEC00D88380 /* LKHomeViewController.m in Sources */,
				D9BA7B231931F4F100EF418E /* AFURLConnectionOperation.m in Sources */,
				D9BA7B251931F4F100EF418E /* AFURLResponseSerialization.m in Sources */,
				D9BA7B271931F4F100EF418E /* LIALinkedInApplication.m in Sources */,
				C1844DB9193087CF00D88380 /* RECommonFunctions.m in Sources */,
				D9BA7B241931F4F100EF418E /* AFURLRequestSerialization.m in Sources */,
				C1844DCC193091F600D88380 /* LKMessageViewController.m in Sources */,
				C1844DBF19308C6D00D88380 /* LKLeftMenuViewController.m in Sources */,
				D9BA7B371931F5B300EF418E /* LKLogInViewController.m in Sources */,
				D9BA7B311931F4F100EF418E /* UIImageView+AFNetworking.m in Sources */,
				C1844DE21931BEAE00D88380 /* GGView.m in Sources */,
				C1844DC9193090C000D88380 /* LKProfileViewController.m in Sources */,
				C1844DBB193087CF00D88380 /* UIViewController+RESideMenu.m in Sources */,
				D9BA7B1F1931F4F100EF418E /* AFHTTPRequestOperationManager.m in Sources */,
				D9BA7B221931F4F100EF418E /* AFSecurityPolicy.m in Sources */,
				D9BA7B341931F4F100EF418E /* UIWebView+AFNetworking.m in Sources */,
				C1844DC219308CA400D88380 /* LKRightMenuViewController.m in Sources */,
				D9BA7B2E1931F4F100EF418E /* UIActivityIndicatorView+AFNetworking.m in Sources */,
				D9BA7B281931F4F100EF418E /* LIALinkedInAuthorizationViewController.m in Sources */,
			);
			runOnlyForDeploymentPostprocessing = 0;
		};
		C10A085B19307BE000D37112 /* Sources */ = {
			isa = PBXSourcesBuildPhase;
			buildActionMask = 2147483647;
			files = (
				C10A086D19307BE100D37112 /* LynkrTests.m in Sources */,
			);
			runOnlyForDeploymentPostprocessing = 0;
		};
/* End PBXSourcesBuildPhase section */

/* Begin PBXTargetDependency section */
		C10A086519307BE100D37112 /* PBXTargetDependency */ = {
			isa = PBXTargetDependency;
			target = C10A083D19307BE000D37112 /* Lynkr */;
			targetProxy = C10A086419307BE100D37112 /* PBXContainerItemProxy */;
		};
/* End PBXTargetDependency section */

/* Begin PBXVariantGroup section */
		C10A084A19307BE000D37112 /* InfoPlist.strings */ = {
			isa = PBXVariantGroup;
			children = (
				C10A084B19307BE000D37112 /* en */,
			);
			name = InfoPlist.strings;
			sourceTree = "<group>";
		};
		C10A085319307BE000D37112 /* Main.storyboard */ = {
			isa = PBXVariantGroup;
			children = (
				C10A085419307BE000D37112 /* Base */,
			);
			name = Main.storyboard;
			sourceTree = "<group>";
		};
		C10A086919307BE100D37112 /* InfoPlist.strings */ = {
			isa = PBXVariantGroup;
			children = (
				C10A086A19307BE100D37112 /* en */,
			);
			name = InfoPlist.strings;
			sourceTree = "<group>";
		};
/* End PBXVariantGroup section */

/* Begin XCBuildConfiguration section */
		C10A086E19307BE100D37112 /* Debug */ = {
			isa = XCBuildConfiguration;
			buildSettings = {
				ALWAYS_SEARCH_USER_PATHS = NO;
				CLANG_CXX_LANGUAGE_STANDARD = "gnu++0x";
				CLANG_CXX_LIBRARY = "libc++";
				CLANG_ENABLE_MODULES = YES;
				CLANG_ENABLE_OBJC_ARC = YES;
				CLANG_WARN_BOOL_CONVERSION = YES;
				CLANG_WARN_CONSTANT_CONVERSION = YES;
				CLANG_WARN_DIRECT_OBJC_ISA_USAGE = YES_ERROR;
				CLANG_WARN_EMPTY_BODY = YES;
				CLANG_WARN_ENUM_CONVERSION = YES;
				CLANG_WARN_INT_CONVERSION = YES;
				CLANG_WARN_OBJC_ROOT_CLASS = YES_ERROR;
				CLANG_WARN__DUPLICATE_METHOD_MATCH = YES;
				"CODE_SIGN_IDENTITY[sdk=iphoneos*]" = "iPhone Developer";
				COPY_PHASE_STRIP = NO;
				GCC_C_LANGUAGE_STANDARD = gnu99;
				GCC_DYNAMIC_NO_PIC = NO;
				GCC_OPTIMIZATION_LEVEL = 0;
				GCC_PREPROCESSOR_DEFINITIONS = (
					"DEBUG=1",
					"$(inherited)",
				);
				GCC_SYMBOLS_PRIVATE_EXTERN = NO;
				GCC_WARN_64_TO_32_BIT_CONVERSION = YES;
				GCC_WARN_ABOUT_RETURN_TYPE = YES_ERROR;
				GCC_WARN_UNDECLARED_SELECTOR = YES;
				GCC_WARN_UNINITIALIZED_AUTOS = YES_AGGRESSIVE;
				GCC_WARN_UNUSED_FUNCTION = YES;
				GCC_WARN_UNUSED_VARIABLE = YES;
				IPHONEOS_DEPLOYMENT_TARGET = 7.1;
				ONLY_ACTIVE_ARCH = YES;
				SDKROOT = iphoneos;
			};
			name = Debug;
		};
		C10A086F19307BE100D37112 /* Release */ = {
			isa = XCBuildConfiguration;
			buildSettings = {
				ALWAYS_SEARCH_USER_PATHS = NO;
				CLANG_CXX_LANGUAGE_STANDARD = "gnu++0x";
				CLANG_CXX_LIBRARY = "libc++";
				CLANG_ENABLE_MODULES = YES;
				CLANG_ENABLE_OBJC_ARC = YES;
				CLANG_WARN_BOOL_CONVERSION = YES;
				CLANG_WARN_CONSTANT_CONVERSION = YES;
				CLANG_WARN_DIRECT_OBJC_ISA_USAGE = YES_ERROR;
				CLANG_WARN_EMPTY_BODY = YES;
				CLANG_WARN_ENUM_CONVERSION = YES;
				CLANG_WARN_INT_CONVERSION = YES;
				CLANG_WARN_OBJC_ROOT_CLASS = YES_ERROR;
				CLANG_WARN__DUPLICATE_METHOD_MATCH = YES;
				"CODE_SIGN_IDENTITY[sdk=iphoneos*]" = "iPhone Developer";
				COPY_PHASE_STRIP = YES;
				ENABLE_NS_ASSERTIONS = NO;
				GCC_C_LANGUAGE_STANDARD = gnu99;
				GCC_WARN_64_TO_32_BIT_CONVERSION = YES;
				GCC_WARN_ABOUT_RETURN_TYPE = YES_ERROR;
				GCC_WARN_UNDECLARED_SELECTOR = YES;
				GCC_WARN_UNINITIALIZED_AUTOS = YES_AGGRESSIVE;
				GCC_WARN_UNUSED_FUNCTION = YES;
				GCC_WARN_UNUSED_VARIABLE = YES;
				IPHONEOS_DEPLOYMENT_TARGET = 7.1;
				SDKROOT = iphoneos;
				VALIDATE_PRODUCT = YES;
			};
			name = Release;
		};
		C10A087119307BE100D37112 /* Debug */ = {
			isa = XCBuildConfiguration;
			buildSettings = {
				ASSETCATALOG_COMPILER_APPICON_NAME = AppIcon;
				ASSETCATALOG_COMPILER_LAUNCHIMAGE_NAME = LaunchImage;
				CODE_SIGN_IDENTITY = "iPhone Developer";
				FRAMEWORK_SEARCH_PATHS = (
					"$(inherited)",
					"$(PROJECT_DIR)",
				);
				GCC_PRECOMPILE_PREFIX_HEADER = YES;
				GCC_PREFIX_HEADER = "Lynkr/Lynkr-Prefix.pch";
				INFOPLIST_FILE = "Lynkr/Lynkr-Info.plist";
				IPHONEOS_DEPLOYMENT_TARGET = 7.1;
				PRODUCT_NAME = "$(TARGET_NAME)";
				PROVISIONING_PROFILE = "18F12A13-3DCB-4CA7-ACE4-12C8AE8CC73C";
				WRAPPER_EXTENSION = app;
			};
			name = Debug;
		};
		C10A087219307BE100D37112 /* Release */ = {
			isa = XCBuildConfiguration;
			buildSettings = {
				ASSETCATALOG_COMPILER_APPICON_NAME = AppIcon;
				ASSETCATALOG_COMPILER_LAUNCHIMAGE_NAME = LaunchImage;
				CODE_SIGN_IDENTITY = "iPhone Developer";
				FRAMEWORK_SEARCH_PATHS = (
					"$(inherited)",
					"$(PROJECT_DIR)",
				);
				GCC_PRECOMPILE_PREFIX_HEADER = YES;
				GCC_PREFIX_HEADER = "Lynkr/Lynkr-Prefix.pch";
				INFOPLIST_FILE = "Lynkr/Lynkr-Info.plist";
				IPHONEOS_DEPLOYMENT_TARGET = 7.1;
				PRODUCT_NAME = "$(TARGET_NAME)";
				PROVISIONING_PROFILE = "18F12A13-3DCB-4CA7-ACE4-12C8AE8CC73C";
				WRAPPER_EXTENSION = app;
			};
			name = Release;
		};
		C10A087419307BE100D37112 /* Debug */ = {
			isa = XCBuildConfiguration;
			buildSettings = {
				BUNDLE_LOADER = "$(BUILT_PRODUCTS_DIR)/Lynkr.app/Lynkr";
				FRAMEWORK_SEARCH_PATHS = (
					"$(SDKROOT)/Developer/Library/Frameworks",
					"$(inherited)",
					"$(DEVELOPER_FRAMEWORKS_DIR)",
				);
				GCC_PRECOMPILE_PREFIX_HEADER = YES;
				GCC_PREFIX_HEADER = "Lynkr/Lynkr-Prefix.pch";
				GCC_PREPROCESSOR_DEFINITIONS = (
					"DEBUG=1",
					"$(inherited)",
				);
				INFOPLIST_FILE = "LynkrTests/LynkrTests-Info.plist";
				PRODUCT_NAME = "$(TARGET_NAME)";
				TEST_HOST = "$(BUNDLE_LOADER)";
				WRAPPER_EXTENSION = xctest;
			};
			name = Debug;
		};
		C10A087519307BE100D37112 /* Release */ = {
			isa = XCBuildConfiguration;
			buildSettings = {
				BUNDLE_LOADER = "$(BUILT_PRODUCTS_DIR)/Lynkr.app/Lynkr";
				FRAMEWORK_SEARCH_PATHS = (
					"$(SDKROOT)/Developer/Library/Frameworks",
					"$(inherited)",
					"$(DEVELOPER_FRAMEWORKS_DIR)",
				);
				GCC_PRECOMPILE_PREFIX_HEADER = YES;
				GCC_PREFIX_HEADER = "Lynkr/Lynkr-Prefix.pch";
				INFOPLIST_FILE = "LynkrTests/LynkrTests-Info.plist";
				PRODUCT_NAME = "$(TARGET_NAME)";
				TEST_HOST = "$(BUNDLE_LOADER)";
				WRAPPER_EXTENSION = xctest;
			};
			name = Release;
		};
/* End XCBuildConfiguration section */

/* Begin XCConfigurationList section */
		C10A083919307BE000D37112 /* Build configuration list for PBXProject "Lynkr" */ = {
			isa = XCConfigurationList;
			buildConfigurations = (
				C10A086E19307BE100D37112 /* Debug */,
				C10A086F19307BE100D37112 /* Release */,
			);
			defaultConfigurationIsVisible = 0;
			defaultConfigurationName = Release;
		};
		C10A087019307BE100D37112 /* Build configuration list for PBXNativeTarget "Lynkr" */ = {
			isa = XCConfigurationList;
			buildConfigurations = (
				C10A087119307BE100D37112 /* Debug */,
				C10A087219307BE100D37112 /* Release */,
			);
			defaultConfigurationIsVisible = 0;
			defaultConfigurationName = Release;
		};
		C10A087319307BE100D37112 /* Build configuration list for PBXNativeTarget "LynkrTests" */ = {
			isa = XCConfigurationList;
			buildConfigurations = (
				C10A087419307BE100D37112 /* Debug */,
				C10A087519307BE100D37112 /* Release */,
			);
			defaultConfigurationIsVisible = 0;
			defaultConfigurationName = Release;
		};
/* End XCConfigurationList section */
	};
	rootObject = C10A083619307BE000D37112 /* Project object */;
}
